<?xml version="1.0" encoding="utf-8"?>
<Project ToolsVersion="4.0" xmlns="http://schemas.microsoft.com/developer/msbuild/2003">
  <ItemGroup>
    <ClCompile Include="server_win32.cpp" />
    <ClCompile Include="..\network\class\BaseConnector.cpp">
      <Filter>network</Filter>
    </ClCompile>
    <ClCompile Include="..\network\class\EpollConnector.cpp">
      <Filter>network</Filter>
    </ClCompile>
    <ClCompile Include="..\network\class\IOCPConnector.cpp">
      <Filter>network</Filter>
    </ClCompile>
    <ClCompile Include="..\network\class\RingBuffer.cpp">
      <Filter>network</Filter>
    </ClCompile>
    <ClCompile Include="..\network\class\SocketConnectorMgr.cpp">
      <Filter>network</Filter>
    </ClCompile>
    <ClCompile Include="..\script\class\ScriptCallBackFunion.cpp">
      <Filter>script</Filter>
    </ClCompile>
    <ClCompile Include="..\script\class\ScriptClassMgr.cpp">
      <Filter>script</Filter>
    </ClCompile>
    <ClCompile Include="..\script\class\ScriptCodeLoader.cpp">
      <Filter>script</Filter>
    </ClCompile>
    <ClCompile Include="..\script\class\scriptcommon.cpp">
      <Filter>script</Filter>
    </ClCompile>
    <ClCompile Include="..\script\class\ScriptDataMgr.cpp">
      <Filter>script</Filter>
    </ClCompile>
    <ClCompile Include="..\script\class\ScriptDebugPrint.cpp">
      <Filter>script</Filter>
    </ClCompile>
    <ClCompile Include="..\script\class\ScriptEventMgr.cpp">
      <Filter>script</Filter>
    </ClCompile>
    <ClCompile Include="..\script\class\ScriptExecBlock.cpp">
      <Filter>script</Filter>
    </ClCompile>
    <ClCompile Include="..\script\class\ScriptPointInterface.cpp">
      <Filter>script</Filter>
    </ClCompile>
    <ClCompile Include="..\script\class\ScriptStack.cpp">
      <Filter>script</Filter>
    </ClCompile>
    <ClCompile Include="..\script\class\ScriptSuperPointer.cpp">
      <Filter>script</Filter>
    </ClCompile>
    <ClCompile Include="..\script\class\ScriptTriggerMg.cpp">
      <Filter>script</Filter>
    </ClCompile>
    <ClCompile Include="..\script\class\ScriptVirtualMachine.cpp">
      <Filter>script</Filter>
    </ClCompile>
    <ClCompile Include="..\script\class\zStringBuffer.cpp">
      <Filter>script</Filter>
    </ClCompile>
    <ClCompile Include="TestClass.cpp">
      <Filter>class</Filter>
    </ClCompile>
    <ClCompile Include="Account.cpp">
      <Filter>class</Filter>
    </ClCompile>
    <ClCompile Include="..\script\class\ScriptIntermediateCode.cpp">
      <Filter>script</Filter>
    </ClCompile>
    <ClCompile Include="..\script\class\ScriptExecCodeMgr.cpp">
      <Filter>script</Filter>
    </ClCompile>
    <ClCompile Include="..\script\class\ScriptExecFrame.cpp">
      <Filter>script</Filter>
    </ClCompile>
    <ClCompile Include="..\script\class\ScriptRunState.cpp">
      <Filter>script</Filter>
    </ClCompile>
    <ClCompile Include="..\common\base64.cpp">
      <Filter>common</Filter>
    </ClCompile>
    <ClCompile Include="..\common\getFileNameFromPath.cpp">
      <Filter>common</Filter>
    </ClCompile>
    <ClCompile Include="..\common\md5.cpp">
      <Filter>common</Filter>
    </ClCompile>
    <ClCompile Include="..\common\MsgHeadProtocol.cpp">
      <Filter>common</Filter>
    </ClCompile>
    <ClCompile Include="..\common\MsgReceive.cpp">
      <Filter>common</Filter>
    </ClCompile>
    <ClCompile Include="..\common\RouteEvent.cpp">
      <Filter>common</Filter>
    </ClCompile>
    <ClCompile Include="..\common\ScriptConnectMgr.cpp">
      <Filter>common</Filter>
    </ClCompile>
    <ClCompile Include="..\common\ScriptConnector.cpp">
      <Filter>common</Filter>
    </ClCompile>
    <ClCompile Include="..\common\sha1.cpp">
      <Filter>common</Filter>
    </ClCompile>
    <ClCompile Include="..\common\SyncScriptPointInterface.cpp">
      <Filter>common</Filter>
    </ClCompile>
    <ClCompile Include="..\common\TempScriptRunState.cpp">
      <Filter>common</Filter>
    </ClCompile>
    <ClCompile Include="..\script\class\zBinaryBuffer.cpp">
      <Filter>script</Filter>
    </ClCompile>
    <ClCompile Include="..\script\class\ScriptClassAttributes.cpp">
      <Filter>script</Filter>
    </ClCompile>
  </ItemGroup>
  <ItemGroup>
    <Filter Include="network">
      <UniqueIdentifier>{56f5c244-cd46-44ed-82b4-59b8e6c0fb36}</UniqueIdentifier>
    </Filter>
    <Filter Include="script">
      <UniqueIdentifier>{65a68005-19ec-4920-8c21-58a512b4e354}</UniqueIdentifier>
    </Filter>
    <Filter Include="class">
      <UniqueIdentifier>{9ba21c21-3da0-46d4-a935-7af750e36eff}</UniqueIdentifier>
    </Filter>
    <Filter Include="common">
      <UniqueIdentifier>{ec2e7ab2-3933-4e11-88b8-919737b09c49}</UniqueIdentifier>
    </Filter>
  </ItemGroup>
  <ItemGroup>
    <ClInclude Include="..\network\class\BaseConnector.h">
      <Filter>network</Filter>
    </ClInclude>
    <ClInclude Include="..\network\class\EpollConnector.h">
      <Filter>network</Filter>
    </ClInclude>
    <ClInclude Include="..\network\class\IOCPConnector.h">
      <Filter>network</Filter>
    </ClInclude>
    <ClInclude Include="..\network\class\nowin.h">
      <Filter>network</Filter>
    </ClInclude>
    <ClInclude Include="..\network\class\RingBuffer.h">
      <Filter>network</Filter>
    </ClInclude>
    <ClInclude Include="..\network\class\SocketConnectorMgr.h">
      <Filter>network</Filter>
    </ClInclude>
    <ClInclude Include="..\network\class\winsock2i.h">
      <Filter>network</Filter>
    </ClInclude>
    <ClInclude Include="..\network\class\zByteArray.h">
      <Filter>network</Filter>
    </ClInclude>
    <ClInclude Include="..\script\class\EMicroCodeType.h">
      <Filter>script</Filter>
    </ClInclude>
    <ClInclude Include="..\script\class\EScriptSentenceType.h">
      <Filter>script</Filter>
    </ClInclude>
    <ClInclude Include="..\script\class\EScriptVariableType.h">
      <Filter>script</Filter>
    </ClInclude>
    <ClInclude Include="..\script\class\ScriptCallBackFunion.h">
      <Filter>script</Filter>
    </ClInclude>
    <ClInclude Include="..\script\class\ScriptClassMgr.h">
      <Filter>script</Filter>
    </ClInclude>
    <ClInclude Include="..\script\class\ScriptCodeLoader.h">
      <Filter>script</Filter>
    </ClInclude>
    <ClInclude Include="..\script\class\scriptcommon.h">
      <Filter>script</Filter>
    </ClInclude>
    <ClInclude Include="..\script\class\ScriptDataMgr.h">
      <Filter>script</Filter>
    </ClInclude>
    <ClInclude Include="..\script\class\ScriptDebugPrint.h">
      <Filter>script</Filter>
    </ClInclude>
    <ClInclude Include="..\script\class\ScriptEventMgr.h">
      <Filter>script</Filter>
    </ClInclude>
    <ClInclude Include="..\script\class\ScriptExecBlock.h">
      <Filter>script</Filter>
    </ClInclude>
    <ClInclude Include="..\script\class\ScriptPointInterface.h">
      <Filter>script</Filter>
    </ClInclude>
    <ClInclude Include="..\script\class\ScriptStack.h">
      <Filter>script</Filter>
    </ClInclude>
    <ClInclude Include="..\script\class\ScriptSuperPointer.h">
      <Filter>script</Filter>
    </ClInclude>
    <ClInclude Include="..\script\class\ScriptTriggerMgr.h">
      <Filter>script</Filter>
    </ClInclude>
    <ClInclude Include="..\script\class\ScriptVirtualMachine.h">
      <Filter>script</Filter>
    </ClInclude>
    <ClInclude Include="..\script\class\zByteArray.h">
      <Filter>script</Filter>
    </ClInclude>
    <ClInclude Include="..\script\class\ZLScript.h">
      <Filter>script</Filter>
    </ClInclude>
    <ClInclude Include="..\script\class\zStringBuffer.h">
      <Filter>script</Filter>
    </ClInclude>
    <ClInclude Include="TestClass.h">
      <Filter>class</Filter>
    </ClInclude>
    <ClInclude Include="Account.h">
      <Filter>class</Filter>
    </ClInclude>
    <ClInclude Include="..\script\class\ScriptIntermediateCode.h">
      <Filter>script</Filter>
    </ClInclude>
    <ClInclude Include="..\script\class\ScriptExecCodeMgr.h">
      <Filter>script</Filter>
    </ClInclude>
    <ClInclude Include="..\script\class\ScriptExecFrame.h">
      <Filter>script</Filter>
    </ClInclude>
    <ClInclude Include="..\script\class\ScriptRunState.h">
      <Filter>script</Filter>
    </ClInclude>
    <ClInclude Include="..\common\base64.h">
      <Filter>common</Filter>
    </ClInclude>
    <ClInclude Include="..\common\getFileNameFromPath.h">
      <Filter>common</Filter>
    </ClInclude>
    <ClInclude Include="..\common\md5.h">
      <Filter>common</Filter>
    </ClInclude>
    <ClInclude Include="..\common\MsgHeadProtocol.h">
      <Filter>common</Filter>
    </ClInclude>
    <ClInclude Include="..\common\MsgReceive.h">
      <Filter>common</Filter>
    </ClInclude>
    <ClInclude Include="..\common\RouteEvent.h">
      <Filter>common</Filter>
    </ClInclude>
    <ClInclude Include="..\common\ScriptConnectMgr.h">
      <Filter>common</Filter>
    </ClInclude>
    <ClInclude Include="..\common\ScriptConnector.h">
      <Filter>common</Filter>
    </ClInclude>
    <ClInclude Include="..\common\sha1.h">
      <Filter>common</Filter>
    </ClInclude>
    <ClInclude Include="..\common\TempScriptRunState.h">
      <Filter>common</Filter>
    </ClInclude>
    <ClInclude Include="..\script\class\zBinaryBuffer.h">
      <Filter>script</Filter>
    </ClInclude>
    <ClInclude Include="..\script\class\ScriptClassAttributes.h">
      <Filter>script</Filter>
    </ClInclude>
    <ClInclude Include="..\common\SyncScriptPointInterface.h">
      <Filter>common</Filter>
    </ClInclude>
  </ItemGroup>
</Project>